
Microsoft Visual Studio Solution File, Format Version 12.00
# Visual Studio 16
Project("{FAE04EC0-301F-11D3-BF4B-00C04F79EFBC}") = "Assembly-CSharp", "Assembly-CSharp.csproj", "{7677B5B5-EBE0-6A79-AD6A-A9BBE75C522B}"
EndProject
Project("{FAE04EC0-301F-11D3-BF4B-00C04F79EFBC}") = "Assembly-CSharp-Editor", "Assembly-CSharp-Editor.csproj", "{184DF732-8B1F-7AFB-9389-A00C69009BE3}"
EndProject
Global
	GlobalSection(SolutionConfigurationPlatforms) = preSolution
		Debug|Any CPU = Debug|Any CPU
		Release|Any CPU = Release|Any CPU
	EndGlobalSection
	GlobalSection(ProjectConfigurationPlatforms) = postSolution
		{7677B5B5-EBE0-6A79-AD6A-A9BBE75C522B}.Debug|Any CPU.ActiveCfg = Debug|Any CPU
		{7677B5B5-EBE0-6A79-AD6A-A9BBE75C522B}.Debug|Any CPU.Build.0 = Debug|Any CPU
		{7677B5B5-EBE0-6A79-AD6A-A9BBE75C522B}.Release|Any CPU.ActiveCfg = Release|Any CPU
		{7677B5B5-EBE0-6A79-AD6A-A9BBE75C522B}.Release|Any CPU.Build.0 = Release|Any CPU
		{184DF732-8B1F-7AFB-9389-A00C69009BE3}.Debug|Any CPU.ActiveCfg = Debug|Any CPU
		{184DF732-8B1F-7AFB-9389-A00C69009BE3}.Debug|Any CPU.Build.0 = Debug|Any CPU
		{184DF732-8B1F-7AFB-9389-A00C69009BE3}.Release|Any CPU.ActiveCfg = Release|Any CPU
		{184DF732-8B1F-7AFB-9389-A00C69009BE3}.Release|Any CPU.Build.0 = Release|Any CPU
	EndGlobalSection
	GlobalSection(SolutionProperties) = preSolution
		HideSolutionNode = FALSE
	EndGlobalSection
EndGlobal
